
Microsoft Visual Studio Solution File, Format Version 12.00
# Visual Studio 2013
VisualStudioVersion = 12.0.21005.1
MinimumVisualStudioVersion = 10.0.40219.1
Project("{FAE04EC0-301F-11D3-BF4B-00C04F79EFBC}") = "Expense Application", "Expense Application\Expense Application.csproj", "{F9C7AA08-E2F2-4930-A0E3-2E2CD3339474}"
EndProject
Global
	GlobalSection(SolutionConfigurationPlatforms) = preSolution
		Debug|Any CPU = Debug|Any CPU
		Release|Any CPU = Release|Any CPU
	EndGlobalSection
	GlobalSection(ProjectConfigurationPlatforms) = postSolution
		{F9C7AA08-E2F2-4930-A0E3-2E2CD3339474}.Debug|Any CPU.ActiveCfg = Debug|Any CPU
		{F9C7AA08-E2F2-4930-A0E3-2E2CD3339474}.Debug|Any CPU.Build.0 = Debug|Any CPU
		{F9C7AA08-E2F2-4930-A0E3-2E2CD3339474}.Release|Any CPU.ActiveCfg = Release|Any CPU
		{F9C7AA08-E2F2-4930-A0E3-2E2CD3339474}.Release|Any CPU.Build.0 = Release|Any CPU
	EndGlobalSection
	GlobalSection(SolutionProperties) = preSolution
		HideSolutionNode = FALSE
	EndGlobalSection
EndGlobal
